
Microsoft Visual Studio Solution File, Format Version 12.00
# Visual Studio Version 17
VisualStudioVersion = 17.8.34330.188
MinimumVisualStudioVersion = 10.0.40219.1
Project("{FAE04EC0-301F-11D3-BF4B-00C04F79EFBC}") = "CustomerExperience.Start", "CustomerExperience.Start.csproj", "{BF33E16F-6D26-43DE-A84A-AA8CF340D658}"
EndProject
Project("{FAE04EC0-301F-11D3-BF4B-00C04F79EFBC}") = "CustomerExperience.Presentation.API", "..\CustomerExperience.Presentation.API\CustomerExperience.Presentation.API.csproj", "{48162BBF-B00C-4E85-B099-0B4C11E6E2F5}"
EndProject
Project("{FAE04EC0-301F-11D3-BF4B-00C04F79EFBC}") = "CustomerExperience.Application", "..\CustomerExperience.Application\CustomerExperience.Application.csproj", "{C73517A0-8E42-410F-ABF9-87273E11BFC5}"
EndProject
Project("{FAE04EC0-301F-11D3-BF4B-00C04F79EFBC}") = "CustomerExperience.Domain", "..\CustomerExperience.Domain\CustomerExperience.Domain.csproj", "{43034DA6-E8D2-49F1-82EE-8DC16F2676C1}"
EndProject
Project("{FAE04EC0-301F-11D3-BF4B-00C04F79EFBC}") = "CustomerExperience.Infra", "..\CustomerExperience.Infra\CustomerExperience.Infra.csproj", "{EAECA11A-76E6-4558-A761-46C40A6C0379}"
EndProject
Global
	GlobalSection(SolutionConfigurationPlatforms) = preSolution
		Debug|Any CPU = Debug|Any CPU
		Release|Any CPU = Release|Any CPU
	EndGlobalSection
	GlobalSection(ProjectConfigurationPlatforms) = postSolution
		{BF33E16F-6D26-43DE-A84A-AA8CF340D658}.Debug|Any CPU.ActiveCfg = Debug|Any CPU
		{BF33E16F-6D26-43DE-A84A-AA8CF340D658}.Debug|Any CPU.Build.0 = Debug|Any CPU
		{BF33E16F-6D26-43DE-A84A-AA8CF340D658}.Release|Any CPU.ActiveCfg = Release|Any CPU
		{BF33E16F-6D26-43DE-A84A-AA8CF340D658}.Release|Any CPU.Build.0 = Release|Any CPU
		{48162BBF-B00C-4E85-B099-0B4C11E6E2F5}.Debug|Any CPU.ActiveCfg = Debug|Any CPU
		{48162BBF-B00C-4E85-B099-0B4C11E6E2F5}.Debug|Any CPU.Build.0 = Debug|Any CPU
		{48162BBF-B00C-4E85-B099-0B4C11E6E2F5}.Release|Any CPU.ActiveCfg = Release|Any CPU
		{48162BBF-B00C-4E85-B099-0B4C11E6E2F5}.Release|Any CPU.Build.0 = Release|Any CPU
		{C73517A0-8E42-410F-ABF9-87273E11BFC5}.Debug|Any CPU.ActiveCfg = Debug|Any CPU
		{C73517A0-8E42-410F-ABF9-87273E11BFC5}.Debug|Any CPU.Build.0 = Debug|Any CPU
		{C73517A0-8E42-410F-ABF9-87273E11BFC5}.Release|Any CPU.ActiveCfg = Release|Any CPU
		{C73517A0-8E42-410F-ABF9-87273E11BFC5}.Release|Any CPU.Build.0 = Release|Any CPU
		{43034DA6-E8D2-49F1-82EE-8DC16F2676C1}.Debug|Any CPU.ActiveCfg = Debug|Any CPU
		{43034DA6-E8D2-49F1-82EE-8DC16F2676C1}.Debug|Any CPU.Build.0 = Debug|Any CPU
		{43034DA6-E8D2-49F1-82EE-8DC16F2676C1}.Release|Any CPU.ActiveCfg = Release|Any CPU
		{43034DA6-E8D2-49F1-82EE-8DC16F2676C1}.Release|Any CPU.Build.0 = Release|Any CPU
		{EAECA11A-76E6-4558-A761-46C40A6C0379}.Debug|Any CPU.ActiveCfg = Debug|Any CPU
		{EAECA11A-76E6-4558-A761-46C40A6C0379}.Debug|Any CPU.Build.0 = Debug|Any CPU
		{EAECA11A-76E6-4558-A761-46C40A6C0379}.Release|Any CPU.ActiveCfg = Release|Any CPU
		{EAECA11A-76E6-4558-A761-46C40A6C0379}.Release|Any CPU.Build.0 = Release|Any CPU
	EndGlobalSection
	GlobalSection(SolutionProperties) = preSolution
		HideSolutionNode = FALSE
	EndGlobalSection
	GlobalSection(ExtensibilityGlobals) = postSolution
		SolutionGuid = {FA0A177C-72E5-44AF-BD70-0A2A6C980CAD}
	EndGlobalSection
EndGlobal
