
Microsoft Visual Studio Solution File, Format Version 12.00
# Visual Studio Version 17
VisualStudioVersion = 17.8.34330.188
MinimumVisualStudioVersion = 10.0.40219.1
Project("{FAE04EC0-301F-11D3-BF4B-00C04F79EFBC}") = "CustomerExperience.Packages", "CustomerExperience.Packages.csproj", "{84A32633-9D3B-40B3-AC07-A70C3F25C9A0}"
EndProject
Global
	GlobalSection(SolutionConfigurationPlatforms) = preSolution
		Debug|Any CPU = Debug|Any CPU
		Release|Any CPU = Release|Any CPU
	EndGlobalSection
	GlobalSection(ProjectConfigurationPlatforms) = postSolution
		{84A32633-9D3B-40B3-AC07-A70C3F25C9A0}.Debug|Any CPU.ActiveCfg = Debug|Any CPU
		{84A32633-9D3B-40B3-AC07-A70C3F25C9A0}.Debug|Any CPU.Build.0 = Debug|Any CPU
		{84A32633-9D3B-40B3-AC07-A70C3F25C9A0}.Release|Any CPU.ActiveCfg = Release|Any CPU
		{84A32633-9D3B-40B3-AC07-A70C3F25C9A0}.Release|Any CPU.Build.0 = Release|Any CPU
	EndGlobalSection
	GlobalSection(SolutionProperties) = preSolution
		HideSolutionNode = FALSE
	EndGlobalSection
	GlobalSection(ExtensibilityGlobals) = postSolution
		SolutionGuid = {AD8CF732-A8BB-4FBA-A6A0-E2831A60342F}
	EndGlobalSection
EndGlobal
